
Microsoft Visual Studio Solution File, Format Version 12.00
# Visual Studio Version 16
VisualStudioVersion = 16.0.34301.259
MinimumVisualStudioVersion = 10.0.40219.1
Project("{9A19103F-16F7-4668-BE54-9A1E7A4F7556}") = "ConsoleApp414", "ConsoleApp414\ConsoleApp414.csproj", "{02E965E7-AE11-4112-964A-3CDEED61BD45}"
EndProject
Project("{9A19103F-16F7-4668-BE54-9A1E7A4F7556}") = "ConsoleApp415", "ConsoleApp415\ConsoleApp415.csproj", "{BA1277D4-B05D-4879-B313-50E34E7E85E9}"
EndProject
Project("{9A19103F-16F7-4668-BE54-9A1E7A4F7556}") = "ConsoleApp4112", "ConsoleApp4112\ConsoleApp4112.csproj", "{C90E9CC5-CE7A-4F59-93AA-5E63C9C23B05}"
EndProject
Project("{FAE04EC0-301F-11D3-BF4B-00C04F79EFBC}") = "ConsoleApp4110", "ConsoleApp4110\ConsoleApp4110.csproj", "{1F4C0E33-4475-410D-8BD0-C5B01C612C89}"
EndProject
Project("{FAE04EC0-301F-11D3-BF4B-00C04F79EFBC}") = "ConsoleApp4111", "ConsoleApp4111\ConsoleApp4111.csproj", "{5841D971-C63F-47B2-B7F8-90554418E968}"
EndProject
Project("{FAE04EC0-301F-11D3-BF4B-00C04F79EFBC}") = "ConsoleApp4114", "ConsoleApp4114\ConsoleApp4114.csproj", "{D0D835A6-1209-43E6-A3BA-DA9373F4D8C3}"
EndProject
Project("{FAE04EC0-301F-11D3-BF4B-00C04F79EFBC}") = "ConsoleApp4115", "ConsoleApp4115\ConsoleApp4115.csproj", "{8462FEFD-9468-45D8-A3A8-0F447A451353}"
EndProject
Project("{FAE04EC0-301F-11D3-BF4B-00C04F79EFBC}") = "ConsoleApp4117", "ConsoleApp4117\ConsoleApp4117.csproj", "{89A072B3-C5AA-4BB6-97C3-533E4227CFAF}"
EndProject
Project("{FAE04EC0-301F-11D3-BF4B-00C04F79EFBC}") = "ConsoleApp4118", "ConsoleApp4118\ConsoleApp4118.csproj", "{C99CFAD8-409C-4CA9-9C02-0EA3681065A9}"
EndProject
Project("{FAE04EC0-301F-11D3-BF4B-00C04F79EFBC}") = "ConsoleApp424", "ConsoleApp424\ConsoleApp424.csproj", "{C1E124C7-31F4-4623-968A-71D3691D3194}"
EndProject
Project("{FAE04EC0-301F-11D3-BF4B-00C04F79EFBC}") = "ConsoleApp429", "ConsoleApp429\ConsoleApp429.csproj", "{048F0E8F-82B6-4754-991B-DB229C73B65C}"
EndProject
Global
	GlobalSection(SolutionConfigurationPlatforms) = preSolution
		Debug|Any CPU = Debug|Any CPU
		Release|Any CPU = Release|Any CPU
	EndGlobalSection
	GlobalSection(ProjectConfigurationPlatforms) = postSolution
		{02E965E7-AE11-4112-964A-3CDEED61BD45}.Debug|Any CPU.ActiveCfg = Debug|Any CPU
		{02E965E7-AE11-4112-964A-3CDEED61BD45}.Debug|Any CPU.Build.0 = Debug|Any CPU
		{02E965E7-AE11-4112-964A-3CDEED61BD45}.Release|Any CPU.ActiveCfg = Release|Any CPU
		{02E965E7-AE11-4112-964A-3CDEED61BD45}.Release|Any CPU.Build.0 = Release|Any CPU
		{BA1277D4-B05D-4879-B313-50E34E7E85E9}.Debug|Any CPU.ActiveCfg = Debug|Any CPU
		{BA1277D4-B05D-4879-B313-50E34E7E85E9}.Debug|Any CPU.Build.0 = Debug|Any CPU
		{BA1277D4-B05D-4879-B313-50E34E7E85E9}.Release|Any CPU.ActiveCfg = Release|Any CPU
		{BA1277D4-B05D-4879-B313-50E34E7E85E9}.Release|Any CPU.Build.0 = Release|Any CPU
		{C90E9CC5-CE7A-4F59-93AA-5E63C9C23B05}.Debug|Any CPU.ActiveCfg = Debug|Any CPU
		{C90E9CC5-CE7A-4F59-93AA-5E63C9C23B05}.Debug|Any CPU.Build.0 = Debug|Any CPU
		{C90E9CC5-CE7A-4F59-93AA-5E63C9C23B05}.Release|Any CPU.ActiveCfg = Release|Any CPU
		{C90E9CC5-CE7A-4F59-93AA-5E63C9C23B05}.Release|Any CPU.Build.0 = Release|Any CPU
		{1F4C0E33-4475-410D-8BD0-C5B01C612C89}.Debug|Any CPU.ActiveCfg = Debug|Any CPU
		{1F4C0E33-4475-410D-8BD0-C5B01C612C89}.Debug|Any CPU.Build.0 = Debug|Any CPU
		{1F4C0E33-4475-410D-8BD0-C5B01C612C89}.Release|Any CPU.ActiveCfg = Release|Any CPU
		{1F4C0E33-4475-410D-8BD0-C5B01C612C89}.Release|Any CPU.Build.0 = Release|Any CPU
		{5841D971-C63F-47B2-B7F8-90554418E968}.Debug|Any CPU.ActiveCfg = Debug|Any CPU
		{5841D971-C63F-47B2-B7F8-90554418E968}.Debug|Any CPU.Build.0 = Debug|Any CPU
		{5841D971-C63F-47B2-B7F8-90554418E968}.Release|Any CPU.ActiveCfg = Release|Any CPU
		{5841D971-C63F-47B2-B7F8-90554418E968}.Release|Any CPU.Build.0 = Release|Any CPU
		{D0D835A6-1209-43E6-A3BA-DA9373F4D8C3}.Debug|Any CPU.ActiveCfg = Debug|Any CPU
		{D0D835A6-1209-43E6-A3BA-DA9373F4D8C3}.Debug|Any CPU.Build.0 = Debug|Any CPU
		{D0D835A6-1209-43E6-A3BA-DA9373F4D8C3}.Release|Any CPU.ActiveCfg = Release|Any CPU
		{D0D835A6-1209-43E6-A3BA-DA9373F4D8C3}.Release|Any CPU.Build.0 = Release|Any CPU
		{8462FEFD-9468-45D8-A3A8-0F447A451353}.Debug|Any CPU.ActiveCfg = Debug|Any CPU
		{8462FEFD-9468-45D8-A3A8-0F447A451353}.Debug|Any CPU.Build.0 = Debug|Any CPU
		{8462FEFD-9468-45D8-A3A8-0F447A451353}.Release|Any CPU.ActiveCfg = Release|Any CPU
		{8462FEFD-9468-45D8-A3A8-0F447A451353}.Release|Any CPU.Build.0 = Release|Any CPU
		{89A072B3-C5AA-4BB6-97C3-533E4227CFAF}.Debug|Any CPU.ActiveCfg = Debug|Any CPU
		{89A072B3-C5AA-4BB6-97C3-533E4227CFAF}.Debug|Any CPU.Build.0 = Debug|Any CPU
		{89A072B3-C5AA-4BB6-97C3-533E4227CFAF}.Release|Any CPU.ActiveCfg = Release|Any CPU
		{89A072B3-C5AA-4BB6-97C3-533E4227CFAF}.Release|Any CPU.Build.0 = Release|Any CPU
		{C99CFAD8-409C-4CA9-9C02-0EA3681065A9}.Debug|Any CPU.ActiveCfg = Debug|Any CPU
		{C99CFAD8-409C-4CA9-9C02-0EA3681065A9}.Debug|Any CPU.Build.0 = Debug|Any CPU
		{C99CFAD8-409C-4CA9-9C02-0EA3681065A9}.Release|Any CPU.ActiveCfg = Release|Any CPU
		{C99CFAD8-409C-4CA9-9C02-0EA3681065A9}.Release|Any CPU.Build.0 = Release|Any CPU
		{C1E124C7-31F4-4623-968A-71D3691D3194}.Debug|Any CPU.ActiveCfg = Debug|Any CPU
		{C1E124C7-31F4-4623-968A-71D3691D3194}.Debug|Any CPU.Build.0 = Debug|Any CPU
		{C1E124C7-31F4-4623-968A-71D3691D3194}.Release|Any CPU.ActiveCfg = Release|Any CPU
		{C1E124C7-31F4-4623-968A-71D3691D3194}.Release|Any CPU.Build.0 = Release|Any CPU
		{048F0E8F-82B6-4754-991B-DB229C73B65C}.Debug|Any CPU.ActiveCfg = Debug|Any CPU
		{048F0E8F-82B6-4754-991B-DB229C73B65C}.Debug|Any CPU.Build.0 = Debug|Any CPU
		{048F0E8F-82B6-4754-991B-DB229C73B65C}.Release|Any CPU.ActiveCfg = Release|Any CPU
		{048F0E8F-82B6-4754-991B-DB229C73B65C}.Release|Any CPU.Build.0 = Release|Any CPU
	EndGlobalSection
	GlobalSection(SolutionProperties) = preSolution
		HideSolutionNode = FALSE
	EndGlobalSection
	GlobalSection(ExtensibilityGlobals) = postSolution
		SolutionGuid = {3F9AC6E1-3B80-4CCD-AAAF-AFE6C3C643CB}
	EndGlobalSection
EndGlobal
