
Microsoft Visual Studio Solution File, Format Version 12.00
# Visual Studio Version 16
VisualStudioVersion = 16.0.34301.259
MinimumVisualStudioVersion = 10.0.40219.1
Project("{9A19103F-16F7-4668-BE54-9A1E7A4F7556}") = "ConsoleApp414", "ConsoleApp414\ConsoleApp414.csproj", "{02E965E7-AE11-4112-964A-3CDEED61BD45}"
EndProject
Project("{9A19103F-16F7-4668-BE54-9A1E7A4F7556}") = "ConsoleApp415", "ConsoleApp415\ConsoleApp415.csproj", "{BA1277D4-B05D-4879-B313-50E34E7E85E9}"
EndProject
Project("{9A19103F-16F7-4668-BE54-9A1E7A4F7556}") = "ConsoleApp4112", "ConsoleApp4112\ConsoleApp4112.csproj", "{C90E9CC5-CE7A-4F59-93AA-5E63C9C23B05}"
EndProject
Project("{9A19103F-16F7-4668-BE54-9A1E7A4F7556}") = "ConsoleApp4110", "ConsoleApp4110\ConsoleApp4110.csproj", "{1F4C0E33-4475-410D-8BD0-C5B01C612C89}"
EndProject
Project("{9A19103F-16F7-4668-BE54-9A1E7A4F7556}") = "ConsoleApp4111", "ConsoleApp4111\ConsoleApp4111.csproj", "{5841D971-C63F-47B2-B7F8-90554418E968}"
EndProject
Project("{9A19103F-16F7-4668-BE54-9A1E7A4F7556}") = "ConsoleApp4114", "ConsoleApp4114\ConsoleApp4114.csproj", "{D0D835A6-1209-43E6-A3BA-DA9373F4D8C3}"
EndProject
Project("{9A19103F-16F7-4668-BE54-9A1E7A4F7556}") = "ConsoleApp4115", "ConsoleApp4115\ConsoleApp4115.csproj", "{8462FEFD-9468-45D8-A3A8-0F447A451353}"
EndProject
Project("{9A19103F-16F7-4668-BE54-9A1E7A4F7556}") = "ConsoleApp4117", "ConsoleApp4117\ConsoleApp4117.csproj", "{89A072B3-C5AA-4BB6-97C3-533E4227CFAF}"
EndProject
Project("{9A19103F-16F7-4668-BE54-9A1E7A4F7556}") = "ConsoleApp4118", "ConsoleApp4118\ConsoleApp4118.csproj", "{C99CFAD8-409C-4CA9-9C02-0EA3681065A9}"
EndProject
Project("{9A19103F-16F7-4668-BE54-9A1E7A4F7556}") = "ConsoleApp424", "ConsoleApp424\ConsoleApp424.csproj", "{C1E124C7-31F4-4623-968A-71D3691D3194}"
EndProject
Project("{9A19103F-16F7-4668-BE54-9A1E7A4F7556}") = "ConsoleApp429", "ConsoleApp429\ConsoleApp429.csproj", "{048F0E8F-82B6-4754-991B-DB229C73B65C}"
EndProject
Project("{9A19103F-16F7-4668-BE54-9A1E7A4F7556}") = "ConsoleApp4211", "ConsoleApp4211\ConsoleApp4211.csproj", "{50A7DC72-F16A-40C0-93CF-E224ED6E7B9C}"
EndProject
Project("{9A19103F-16F7-4668-BE54-9A1E7A4F7556}") = "ConsoleApp4213", "ConsoleApp4213\ConsoleApp4213.csproj", "{5AB915D7-2E47-4D52-88E0-99952D9591DC}"
EndProject
Project("{9A19103F-16F7-4668-BE54-9A1E7A4F7556}") = "ConsoleApp4215", "ConsoleApp4215\ConsoleApp4215.csproj", "{22666947-CCC9-4996-954D-DA8E6CEA0CE7}"
EndProject
Project("{9A19103F-16F7-4668-BE54-9A1E7A4F7556}") = "ConsoleApp431", "ConsoleApp431\ConsoleApp431.csproj", "{BE6BCCD1-19EC-41B4-BA01-1834225BAE94}"
EndProject
Project("{9A19103F-16F7-4668-BE54-9A1E7A4F7556}") = "ConsoleApp435", "ConsoleApp435\ConsoleApp435.csproj", "{65357E9D-56E7-48D1-BE4C-24D6B4843DD7}"
EndProject
Project("{FAE04EC0-301F-11D3-BF4B-00C04F79EFBC}") = "ConsoleApp437", "ConsoleApp437\ConsoleApp437.csproj", "{CB646BCD-976D-4C2A-84AD-958791E8E127}"
EndProject
Project("{FAE04EC0-301F-11D3-BF4B-00C04F79EFBC}") = "ConsoleApp439", "ConsoleApp439\ConsoleApp439.csproj", "{49B5BCC2-794E-4FDD-A63B-52DC61C4F374}"
EndProject
Project("{FAE04EC0-301F-11D3-BF4B-00C04F79EFBC}") = "ConsoleApp4310", "ConsoleApp4310\ConsoleApp4310.csproj", "{5548629E-9DC3-46F8-92E5-8F6230719473}"
EndProject
Project("{FAE04EC0-301F-11D3-BF4B-00C04F79EFBC}") = "ConsoleApp4311", "ConsoleApp4311\ConsoleApp4311.csproj", "{1FAD2AA2-628A-4ABA-97C7-B09F02F08D38}"
EndProject
Project("{FAE04EC0-301F-11D3-BF4B-00C04F79EFBC}") = "ConsoleApp4312", "ConsoleApp4312\ConsoleApp4312.csproj", "{AF6ED8FA-6A5E-4AEC-929A-5C53F97B61B3}"
EndProject
Project("{FAE04EC0-301F-11D3-BF4B-00C04F79EFBC}") = "ConsoleApp4313", "ConsoleApp4313\ConsoleApp4313.csproj", "{95D4118A-6066-4264-B22A-7020C8D56D1B}"
EndProject
Project("{FAE04EC0-301F-11D3-BF4B-00C04F79EFBC}") = "ConsoleApp4.3.14", "ConsoleApp4.3.14\ConsoleApp4.3.14.csproj", "{D7475647-F419-4AE0-8B3D-701BC46976CF}"
EndProject
Project("{FAE04EC0-301F-11D3-BF4B-00C04F79EFBC}") = "ConsoleApp4315", "ConsoleApp4315\ConsoleApp4315.csproj", "{2B894C5C-6232-4E13-9525-604E116E7A73}"
EndProject
Project("{FAE04EC0-301F-11D3-BF4B-00C04F79EFBC}") = "ConsoleApp4316", "ConsoleApp4316\ConsoleApp4316.csproj", "{D6943EED-FA25-4D86-9464-CCDAA540511D}"
EndProject
Project("{FAE04EC0-301F-11D3-BF4B-00C04F79EFBC}") = "ConsoleApp4317", "ConsoleApp4317\ConsoleApp4317.csproj", "{D4F7E01A-5E33-42BF-B868-0CD0133DACFA}"
EndProject
Project("{FAE04EC0-301F-11D3-BF4B-00C04F79EFBC}") = "ConsoleApp441", "ConsoleApp441\ConsoleApp441.csproj", "{AE74908E-30F1-4092-8396-3F2225B59F36}"
EndProject
Global
	GlobalSection(SolutionConfigurationPlatforms) = preSolution
		Debug|Any CPU = Debug|Any CPU
		Release|Any CPU = Release|Any CPU
	EndGlobalSection
	GlobalSection(ProjectConfigurationPlatforms) = postSolution
		{02E965E7-AE11-4112-964A-3CDEED61BD45}.Debug|Any CPU.ActiveCfg = Debug|Any CPU
		{02E965E7-AE11-4112-964A-3CDEED61BD45}.Debug|Any CPU.Build.0 = Debug|Any CPU
		{02E965E7-AE11-4112-964A-3CDEED61BD45}.Release|Any CPU.ActiveCfg = Release|Any CPU
		{02E965E7-AE11-4112-964A-3CDEED61BD45}.Release|Any CPU.Build.0 = Release|Any CPU
		{BA1277D4-B05D-4879-B313-50E34E7E85E9}.Debug|Any CPU.ActiveCfg = Debug|Any CPU
		{BA1277D4-B05D-4879-B313-50E34E7E85E9}.Debug|Any CPU.Build.0 = Debug|Any CPU
		{BA1277D4-B05D-4879-B313-50E34E7E85E9}.Release|Any CPU.ActiveCfg = Release|Any CPU
		{BA1277D4-B05D-4879-B313-50E34E7E85E9}.Release|Any CPU.Build.0 = Release|Any CPU
		{C90E9CC5-CE7A-4F59-93AA-5E63C9C23B05}.Debug|Any CPU.ActiveCfg = Debug|Any CPU
		{C90E9CC5-CE7A-4F59-93AA-5E63C9C23B05}.Debug|Any CPU.Build.0 = Debug|Any CPU
		{C90E9CC5-CE7A-4F59-93AA-5E63C9C23B05}.Release|Any CPU.ActiveCfg = Release|Any CPU
		{C90E9CC5-CE7A-4F59-93AA-5E63C9C23B05}.Release|Any CPU.Build.0 = Release|Any CPU
		{1F4C0E33-4475-410D-8BD0-C5B01C612C89}.Debug|Any CPU.ActiveCfg = Debug|Any CPU
		{1F4C0E33-4475-410D-8BD0-C5B01C612C89}.Debug|Any CPU.Build.0 = Debug|Any CPU
		{1F4C0E33-4475-410D-8BD0-C5B01C612C89}.Release|Any CPU.ActiveCfg = Release|Any CPU
		{1F4C0E33-4475-410D-8BD0-C5B01C612C89}.Release|Any CPU.Build.0 = Release|Any CPU
		{5841D971-C63F-47B2-B7F8-90554418E968}.Debug|Any CPU.ActiveCfg = Debug|Any CPU
		{5841D971-C63F-47B2-B7F8-90554418E968}.Debug|Any CPU.Build.0 = Debug|Any CPU
		{5841D971-C63F-47B2-B7F8-90554418E968}.Release|Any CPU.ActiveCfg = Release|Any CPU
		{5841D971-C63F-47B2-B7F8-90554418E968}.Release|Any CPU.Build.0 = Release|Any CPU
		{D0D835A6-1209-43E6-A3BA-DA9373F4D8C3}.Debug|Any CPU.ActiveCfg = Debug|Any CPU
		{D0D835A6-1209-43E6-A3BA-DA9373F4D8C3}.Debug|Any CPU.Build.0 = Debug|Any CPU
		{D0D835A6-1209-43E6-A3BA-DA9373F4D8C3}.Release|Any CPU.ActiveCfg = Release|Any CPU
		{D0D835A6-1209-43E6-A3BA-DA9373F4D8C3}.Release|Any CPU.Build.0 = Release|Any CPU
		{8462FEFD-9468-45D8-A3A8-0F447A451353}.Debug|Any CPU.ActiveCfg = Debug|Any CPU
		{8462FEFD-9468-45D8-A3A8-0F447A451353}.Debug|Any CPU.Build.0 = Debug|Any CPU
		{8462FEFD-9468-45D8-A3A8-0F447A451353}.Release|Any CPU.ActiveCfg = Release|Any CPU
		{8462FEFD-9468-45D8-A3A8-0F447A451353}.Release|Any CPU.Build.0 = Release|Any CPU
		{89A072B3-C5AA-4BB6-97C3-533E4227CFAF}.Debug|Any CPU.ActiveCfg = Debug|Any CPU
		{89A072B3-C5AA-4BB6-97C3-533E4227CFAF}.Debug|Any CPU.Build.0 = Debug|Any CPU
		{89A072B3-C5AA-4BB6-97C3-533E4227CFAF}.Release|Any CPU.ActiveCfg = Release|Any CPU
		{89A072B3-C5AA-4BB6-97C3-533E4227CFAF}.Release|Any CPU.Build.0 = Release|Any CPU
		{C99CFAD8-409C-4CA9-9C02-0EA3681065A9}.Debug|Any CPU.ActiveCfg = Debug|Any CPU
		{C99CFAD8-409C-4CA9-9C02-0EA3681065A9}.Debug|Any CPU.Build.0 = Debug|Any CPU
		{C99CFAD8-409C-4CA9-9C02-0EA3681065A9}.Release|Any CPU.ActiveCfg = Release|Any CPU
		{C99CFAD8-409C-4CA9-9C02-0EA3681065A9}.Release|Any CPU.Build.0 = Release|Any CPU
		{C1E124C7-31F4-4623-968A-71D3691D3194}.Debug|Any CPU.ActiveCfg = Debug|Any CPU
		{C1E124C7-31F4-4623-968A-71D3691D3194}.Debug|Any CPU.Build.0 = Debug|Any CPU
		{C1E124C7-31F4-4623-968A-71D3691D3194}.Release|Any CPU.ActiveCfg = Release|Any CPU
		{C1E124C7-31F4-4623-968A-71D3691D3194}.Release|Any CPU.Build.0 = Release|Any CPU
		{048F0E8F-82B6-4754-991B-DB229C73B65C}.Debug|Any CPU.ActiveCfg = Debug|Any CPU
		{048F0E8F-82B6-4754-991B-DB229C73B65C}.Debug|Any CPU.Build.0 = Debug|Any CPU
		{048F0E8F-82B6-4754-991B-DB229C73B65C}.Release|Any CPU.ActiveCfg = Release|Any CPU
		{048F0E8F-82B6-4754-991B-DB229C73B65C}.Release|Any CPU.Build.0 = Release|Any CPU
		{50A7DC72-F16A-40C0-93CF-E224ED6E7B9C}.Debug|Any CPU.ActiveCfg = Debug|Any CPU
		{50A7DC72-F16A-40C0-93CF-E224ED6E7B9C}.Debug|Any CPU.Build.0 = Debug|Any CPU
		{50A7DC72-F16A-40C0-93CF-E224ED6E7B9C}.Release|Any CPU.ActiveCfg = Release|Any CPU
		{50A7DC72-F16A-40C0-93CF-E224ED6E7B9C}.Release|Any CPU.Build.0 = Release|Any CPU
		{5AB915D7-2E47-4D52-88E0-99952D9591DC}.Debug|Any CPU.ActiveCfg = Debug|Any CPU
		{5AB915D7-2E47-4D52-88E0-99952D9591DC}.Debug|Any CPU.Build.0 = Debug|Any CPU
		{5AB915D7-2E47-4D52-88E0-99952D9591DC}.Release|Any CPU.ActiveCfg = Release|Any CPU
		{5AB915D7-2E47-4D52-88E0-99952D9591DC}.Release|Any CPU.Build.0 = Release|Any CPU
		{22666947-CCC9-4996-954D-DA8E6CEA0CE7}.Debug|Any CPU.ActiveCfg = Debug|Any CPU
		{22666947-CCC9-4996-954D-DA8E6CEA0CE7}.Debug|Any CPU.Build.0 = Debug|Any CPU
		{22666947-CCC9-4996-954D-DA8E6CEA0CE7}.Release|Any CPU.ActiveCfg = Release|Any CPU
		{22666947-CCC9-4996-954D-DA8E6CEA0CE7}.Release|Any CPU.Build.0 = Release|Any CPU
		{BE6BCCD1-19EC-41B4-BA01-1834225BAE94}.Debug|Any CPU.ActiveCfg = Debug|Any CPU
		{BE6BCCD1-19EC-41B4-BA01-1834225BAE94}.Debug|Any CPU.Build.0 = Debug|Any CPU
		{BE6BCCD1-19EC-41B4-BA01-1834225BAE94}.Release|Any CPU.ActiveCfg = Release|Any CPU
		{BE6BCCD1-19EC-41B4-BA01-1834225BAE94}.Release|Any CPU.Build.0 = Release|Any CPU
		{65357E9D-56E7-48D1-BE4C-24D6B4843DD7}.Debug|Any CPU.ActiveCfg = Debug|Any CPU
		{65357E9D-56E7-48D1-BE4C-24D6B4843DD7}.Debug|Any CPU.Build.0 = Debug|Any CPU
		{65357E9D-56E7-48D1-BE4C-24D6B4843DD7}.Release|Any CPU.ActiveCfg = Release|Any CPU
		{65357E9D-56E7-48D1-BE4C-24D6B4843DD7}.Release|Any CPU.Build.0 = Release|Any CPU
		{CB646BCD-976D-4C2A-84AD-958791E8E127}.Debug|Any CPU.ActiveCfg = Debug|Any CPU
		{CB646BCD-976D-4C2A-84AD-958791E8E127}.Debug|Any CPU.Build.0 = Debug|Any CPU
		{CB646BCD-976D-4C2A-84AD-958791E8E127}.Release|Any CPU.ActiveCfg = Release|Any CPU
		{CB646BCD-976D-4C2A-84AD-958791E8E127}.Release|Any CPU.Build.0 = Release|Any CPU
		{49B5BCC2-794E-4FDD-A63B-52DC61C4F374}.Debug|Any CPU.ActiveCfg = Debug|Any CPU
		{49B5BCC2-794E-4FDD-A63B-52DC61C4F374}.Debug|Any CPU.Build.0 = Debug|Any CPU
		{49B5BCC2-794E-4FDD-A63B-52DC61C4F374}.Release|Any CPU.ActiveCfg = Release|Any CPU
		{49B5BCC2-794E-4FDD-A63B-52DC61C4F374}.Release|Any CPU.Build.0 = Release|Any CPU
		{5548629E-9DC3-46F8-92E5-8F6230719473}.Debug|Any CPU.ActiveCfg = Debug|Any CPU
		{5548629E-9DC3-46F8-92E5-8F6230719473}.Debug|Any CPU.Build.0 = Debug|Any CPU
		{5548629E-9DC3-46F8-92E5-8F6230719473}.Release|Any CPU.ActiveCfg = Release|Any CPU
		{5548629E-9DC3-46F8-92E5-8F6230719473}.Release|Any CPU.Build.0 = Release|Any CPU
		{1FAD2AA2-628A-4ABA-97C7-B09F02F08D38}.Debug|Any CPU.ActiveCfg = Debug|Any CPU
		{1FAD2AA2-628A-4ABA-97C7-B09F02F08D38}.Debug|Any CPU.Build.0 = Debug|Any CPU
		{1FAD2AA2-628A-4ABA-97C7-B09F02F08D38}.Release|Any CPU.ActiveCfg = Release|Any CPU
		{1FAD2AA2-628A-4ABA-97C7-B09F02F08D38}.Release|Any CPU.Build.0 = Release|Any CPU
		{AF6ED8FA-6A5E-4AEC-929A-5C53F97B61B3}.Debug|Any CPU.ActiveCfg = Debug|Any CPU
		{AF6ED8FA-6A5E-4AEC-929A-5C53F97B61B3}.Debug|Any CPU.Build.0 = Debug|Any CPU
		{AF6ED8FA-6A5E-4AEC-929A-5C53F97B61B3}.Release|Any CPU.ActiveCfg = Release|Any CPU
		{AF6ED8FA-6A5E-4AEC-929A-5C53F97B61B3}.Release|Any CPU.Build.0 = Release|Any CPU
		{95D4118A-6066-4264-B22A-7020C8D56D1B}.Debug|Any CPU.ActiveCfg = Debug|Any CPU
		{95D4118A-6066-4264-B22A-7020C8D56D1B}.Debug|Any CPU.Build.0 = Debug|Any CPU
		{95D4118A-6066-4264-B22A-7020C8D56D1B}.Release|Any CPU.ActiveCfg = Release|Any CPU
		{95D4118A-6066-4264-B22A-7020C8D56D1B}.Release|Any CPU.Build.0 = Release|Any CPU
		{D7475647-F419-4AE0-8B3D-701BC46976CF}.Debug|Any CPU.ActiveCfg = Debug|Any CPU
		{D7475647-F419-4AE0-8B3D-701BC46976CF}.Debug|Any CPU.Build.0 = Debug|Any CPU
		{D7475647-F419-4AE0-8B3D-701BC46976CF}.Release|Any CPU.ActiveCfg = Release|Any CPU
		{D7475647-F419-4AE0-8B3D-701BC46976CF}.Release|Any CPU.Build.0 = Release|Any CPU
		{2B894C5C-6232-4E13-9525-604E116E7A73}.Debug|Any CPU.ActiveCfg = Debug|Any CPU
		{2B894C5C-6232-4E13-9525-604E116E7A73}.Debug|Any CPU.Build.0 = Debug|Any CPU
		{2B894C5C-6232-4E13-9525-604E116E7A73}.Release|Any CPU.ActiveCfg = Release|Any CPU
		{2B894C5C-6232-4E13-9525-604E116E7A73}.Release|Any CPU.Build.0 = Release|Any CPU
		{D6943EED-FA25-4D86-9464-CCDAA540511D}.Debug|Any CPU.ActiveCfg = Debug|Any CPU
		{D6943EED-FA25-4D86-9464-CCDAA540511D}.Debug|Any CPU.Build.0 = Debug|Any CPU
		{D6943EED-FA25-4D86-9464-CCDAA540511D}.Release|Any CPU.ActiveCfg = Release|Any CPU
		{D6943EED-FA25-4D86-9464-CCDAA540511D}.Release|Any CPU.Build.0 = Release|Any CPU
		{D4F7E01A-5E33-42BF-B868-0CD0133DACFA}.Debug|Any CPU.ActiveCfg = Debug|Any CPU
		{D4F7E01A-5E33-42BF-B868-0CD0133DACFA}.Debug|Any CPU.Build.0 = Debug|Any CPU
		{D4F7E01A-5E33-42BF-B868-0CD0133DACFA}.Release|Any CPU.ActiveCfg = Release|Any CPU
		{D4F7E01A-5E33-42BF-B868-0CD0133DACFA}.Release|Any CPU.Build.0 = Release|Any CPU
		{AE74908E-30F1-4092-8396-3F2225B59F36}.Debug|Any CPU.ActiveCfg = Debug|Any CPU
		{AE74908E-30F1-4092-8396-3F2225B59F36}.Debug|Any CPU.Build.0 = Debug|Any CPU
		{AE74908E-30F1-4092-8396-3F2225B59F36}.Release|Any CPU.ActiveCfg = Release|Any CPU
		{AE74908E-30F1-4092-8396-3F2225B59F36}.Release|Any CPU.Build.0 = Release|Any CPU
	EndGlobalSection
	GlobalSection(SolutionProperties) = preSolution
		HideSolutionNode = FALSE
	EndGlobalSection
	GlobalSection(ExtensibilityGlobals) = postSolution
		SolutionGuid = {3F9AC6E1-3B80-4CCD-AAAF-AFE6C3C643CB}
	EndGlobalSection
EndGlobal
